
Microsoft Visual Studio Solution File, Format Version 12.00
# Visual Studio Version 17
VisualStudioVersion = 17.12.35707.178 d17.12
MinimumVisualStudioVersion = 10.0.40219.1
Project("{FAE04EC0-301F-11D3-BF4B-00C04F79EFBC}") = "Ecommerce.SharedKernel", "src\Ecommerce.SharedKernel\Ecommerce.SharedKernel.csproj", "{11A0FE5B-ACDE-4344-82D8-2D62CE836EC9}"
EndProject
Project("{FAE04EC0-301F-11D3-BF4B-00C04F79EFBC}") = "Ecommerce.Domain", "src\Ecommerce.Domain\Ecommerce.Domain.csproj", "{DAC10290-3F2E-41F3-99B6-8BA989579E46}"
EndProject
Project("{FAE04EC0-301F-11D3-BF4B-00C04F79EFBC}") = "Ecommerce.Infrastructure", "src\Ecommerce.Infrastructure\Ecommerce.Infrastructure.csproj", "{08BB0A0D-0DC7-43FA-BE73-6890B7F67A9D}"
EndProject
Global
	GlobalSection(SolutionConfigurationPlatforms) = preSolution
		Debug|Any CPU = Debug|Any CPU
		Release|Any CPU = Release|Any CPU
	EndGlobalSection
	GlobalSection(ProjectConfigurationPlatforms) = postSolution
		{11A0FE5B-ACDE-4344-82D8-2D62CE836EC9}.Debug|Any CPU.ActiveCfg = Debug|Any CPU
		{11A0FE5B-ACDE-4344-82D8-2D62CE836EC9}.Debug|Any CPU.Build.0 = Debug|Any CPU
		{11A0FE5B-ACDE-4344-82D8-2D62CE836EC9}.Release|Any CPU.ActiveCfg = Release|Any CPU
		{11A0FE5B-ACDE-4344-82D8-2D62CE836EC9}.Release|Any CPU.Build.0 = Release|Any CPU
		{DAC10290-3F2E-41F3-99B6-8BA989579E46}.Debug|Any CPU.ActiveCfg = Debug|Any CPU
		{DAC10290-3F2E-41F3-99B6-8BA989579E46}.Debug|Any CPU.Build.0 = Debug|Any CPU
		{DAC10290-3F2E-41F3-99B6-8BA989579E46}.Release|Any CPU.ActiveCfg = Release|Any CPU
		{DAC10290-3F2E-41F3-99B6-8BA989579E46}.Release|Any CPU.Build.0 = Release|Any CPU
		{08BB0A0D-0DC7-43FA-BE73-6890B7F67A9D}.Debug|Any CPU.ActiveCfg = Debug|Any CPU
		{08BB0A0D-0DC7-43FA-BE73-6890B7F67A9D}.Debug|Any CPU.Build.0 = Debug|Any CPU
		{08BB0A0D-0DC7-43FA-BE73-6890B7F67A9D}.Release|Any CPU.ActiveCfg = Release|Any CPU
		{08BB0A0D-0DC7-43FA-BE73-6890B7F67A9D}.Release|Any CPU.Build.0 = Release|Any CPU
	EndGlobalSection
	GlobalSection(SolutionProperties) = preSolution
		HideSolutionNode = FALSE
	EndGlobalSection
EndGlobal
