
Microsoft Visual Studio Solution File, Format Version 12.00
# Visual Studio Version 17
VisualStudioVersion = 17.12.35707.178
MinimumVisualStudioVersion = 10.0.40219.1
Project("{FAE04EC0-301F-11D3-BF4B-00C04F79EFBC}") = "Ecommerce.SharedKernel", "src\Ecommerce.SharedKernel\Ecommerce.SharedKernel.csproj", "{11A0FE5B-ACDE-4344-82D8-2D62CE836EC9}"
EndProject
Project("{FAE04EC0-301F-11D3-BF4B-00C04F79EFBC}") = "Ecommerce.Domain", "src\Ecommerce.Domain\Ecommerce.Domain.csproj", "{DAC10290-3F2E-41F3-99B6-8BA989579E46}"
EndProject
Project("{FAE04EC0-301F-11D3-BF4B-00C04F79EFBC}") = "Ecommerce.Infrastructure", "src\Ecommerce.Infrastructure\Ecommerce.Infrastructure.csproj", "{08BB0A0D-0DC7-43FA-BE73-6890B7F67A9D}"
EndProject
Project("{FAE04EC0-301F-11D3-BF4B-00C04F79EFBC}") = "Ecommerce.Domain.UnitTests", "tests\Ecommerce.Domain.UnitTest\Ecommerce.Domain.UnitTests.csproj", "{08B7C0E3-C359-4D5F-974E-C65FBCBE41BF}"
EndProject
Project("{2150E333-8FDC-42A3-9474-1A3956D46DE8}") = "src", "src", "{CE03D3A4-9C44-4A50-9FE6-EFD8E587EDA7}"
EndProject
Project("{2150E333-8FDC-42A3-9474-1A3956D46DE8}") = "tests", "tests", "{C6E21F55-12B7-4BDB-9565-ACE3CF1B52F9}"
EndProject
Project("{FAE04EC0-301F-11D3-BF4B-00C04F79EFBC}") = "Ecommerce.Application", "src\Ecommerce.Application\Ecommerce.Application.csproj", "{C7098703-0A56-4866-BA46-1AEBED27E317}"
EndProject
Project("{FAE04EC0-301F-11D3-BF4B-00C04F79EFBC}") = "Ecommerce.WebApi", "src\Ecommerce.WebApi\Ecommerce.WebApi.csproj", "{A43EED5F-44AA-44E2-BC2C-8D29264F4112}"
EndProject
Project("{FAE04EC0-301F-11D3-BF4B-00C04F79EFBC}") = "Ecommerce.Infrastructure.UnitTests", "Ecommerce.Infrastructure.UnitTests\Ecommerce.Infrastructure.UnitTests.csproj", "{E8B5FD2C-C5FC-4EA5-9744-1A74B3643F91}"
EndProject
Global
	GlobalSection(SolutionConfigurationPlatforms) = preSolution
		Debug|Any CPU = Debug|Any CPU
		Release|Any CPU = Release|Any CPU
	EndGlobalSection
	GlobalSection(ProjectConfigurationPlatforms) = postSolution
		{11A0FE5B-ACDE-4344-82D8-2D62CE836EC9}.Debug|Any CPU.ActiveCfg = Debug|Any CPU
		{11A0FE5B-ACDE-4344-82D8-2D62CE836EC9}.Debug|Any CPU.Build.0 = Debug|Any CPU
		{11A0FE5B-ACDE-4344-82D8-2D62CE836EC9}.Release|Any CPU.ActiveCfg = Release|Any CPU
		{11A0FE5B-ACDE-4344-82D8-2D62CE836EC9}.Release|Any CPU.Build.0 = Release|Any CPU
		{DAC10290-3F2E-41F3-99B6-8BA989579E46}.Debug|Any CPU.ActiveCfg = Debug|Any CPU
		{DAC10290-3F2E-41F3-99B6-8BA989579E46}.Debug|Any CPU.Build.0 = Debug|Any CPU
		{DAC10290-3F2E-41F3-99B6-8BA989579E46}.Release|Any CPU.ActiveCfg = Release|Any CPU
		{DAC10290-3F2E-41F3-99B6-8BA989579E46}.Release|Any CPU.Build.0 = Release|Any CPU
		{08BB0A0D-0DC7-43FA-BE73-6890B7F67A9D}.Debug|Any CPU.ActiveCfg = Debug|Any CPU
		{08BB0A0D-0DC7-43FA-BE73-6890B7F67A9D}.Debug|Any CPU.Build.0 = Debug|Any CPU
		{08BB0A0D-0DC7-43FA-BE73-6890B7F67A9D}.Release|Any CPU.ActiveCfg = Release|Any CPU
		{08BB0A0D-0DC7-43FA-BE73-6890B7F67A9D}.Release|Any CPU.Build.0 = Release|Any CPU
		{08B7C0E3-C359-4D5F-974E-C65FBCBE41BF}.Debug|Any CPU.ActiveCfg = Debug|Any CPU
		{08B7C0E3-C359-4D5F-974E-C65FBCBE41BF}.Debug|Any CPU.Build.0 = Debug|Any CPU
		{08B7C0E3-C359-4D5F-974E-C65FBCBE41BF}.Release|Any CPU.ActiveCfg = Release|Any CPU
		{08B7C0E3-C359-4D5F-974E-C65FBCBE41BF}.Release|Any CPU.Build.0 = Release|Any CPU
		{C7098703-0A56-4866-BA46-1AEBED27E317}.Debug|Any CPU.ActiveCfg = Debug|Any CPU
		{C7098703-0A56-4866-BA46-1AEBED27E317}.Debug|Any CPU.Build.0 = Debug|Any CPU
		{C7098703-0A56-4866-BA46-1AEBED27E317}.Release|Any CPU.ActiveCfg = Release|Any CPU
		{C7098703-0A56-4866-BA46-1AEBED27E317}.Release|Any CPU.Build.0 = Release|Any CPU
		{A43EED5F-44AA-44E2-BC2C-8D29264F4112}.Debug|Any CPU.ActiveCfg = Debug|Any CPU
		{A43EED5F-44AA-44E2-BC2C-8D29264F4112}.Debug|Any CPU.Build.0 = Debug|Any CPU
		{A43EED5F-44AA-44E2-BC2C-8D29264F4112}.Release|Any CPU.ActiveCfg = Release|Any CPU
		{A43EED5F-44AA-44E2-BC2C-8D29264F4112}.Release|Any CPU.Build.0 = Release|Any CPU
		{E8B5FD2C-C5FC-4EA5-9744-1A74B3643F91}.Debug|Any CPU.ActiveCfg = Debug|Any CPU
		{E8B5FD2C-C5FC-4EA5-9744-1A74B3643F91}.Debug|Any CPU.Build.0 = Debug|Any CPU
		{E8B5FD2C-C5FC-4EA5-9744-1A74B3643F91}.Release|Any CPU.ActiveCfg = Release|Any CPU
		{E8B5FD2C-C5FC-4EA5-9744-1A74B3643F91}.Release|Any CPU.Build.0 = Release|Any CPU
	EndGlobalSection
	GlobalSection(SolutionProperties) = preSolution
		HideSolutionNode = FALSE
	EndGlobalSection
	GlobalSection(NestedProjects) = preSolution
		{11A0FE5B-ACDE-4344-82D8-2D62CE836EC9} = {CE03D3A4-9C44-4A50-9FE6-EFD8E587EDA7}
		{DAC10290-3F2E-41F3-99B6-8BA989579E46} = {CE03D3A4-9C44-4A50-9FE6-EFD8E587EDA7}
		{08BB0A0D-0DC7-43FA-BE73-6890B7F67A9D} = {CE03D3A4-9C44-4A50-9FE6-EFD8E587EDA7}
		{08B7C0E3-C359-4D5F-974E-C65FBCBE41BF} = {C6E21F55-12B7-4BDB-9565-ACE3CF1B52F9}
		{C7098703-0A56-4866-BA46-1AEBED27E317} = {CE03D3A4-9C44-4A50-9FE6-EFD8E587EDA7}
		{A43EED5F-44AA-44E2-BC2C-8D29264F4112} = {CE03D3A4-9C44-4A50-9FE6-EFD8E587EDA7}
		{E8B5FD2C-C5FC-4EA5-9744-1A74B3643F91} = {C6E21F55-12B7-4BDB-9565-ACE3CF1B52F9}
	EndGlobalSection
EndGlobal
